
Microsoft Visual Studio Solution File, Format Version 11.00
# Visual Studio 2010
Project("{FAE04EC0-301F-11D3-BF4B-00C04F79EFBC}") = "Assembly-CSharp-firstpass", "Assembly-CSharp-firstpass.csproj", "{86973275-AEA2-D430-D25A-8598F5D8AC65}"
EndProject
Project("{FAE04EC0-301F-11D3-BF4B-00C04F79EFBC}") = "Assembly-CSharp", "Assembly-CSharp.csproj", "{BE708267-B376-C78E-A9E2-5073F6719061}"
EndProject
Project("{FAE04EC0-301F-11D3-BF4B-00C04F79EFBC}") = "Assembly-CSharp-Editor-firstpass", "Assembly-CSharp-Editor-firstpass.csproj", "{DE107422-F68D-85A6-B330-8A52B96069F3}"
EndProject
Global
	GlobalSection(SolutionConfigurationPlatforms) = preSolution
		Debug|Any CPU = Debug|Any CPU
		Release|Any CPU = Release|Any CPU
	EndGlobalSection
	GlobalSection(ProjectConfigurationPlatforms) = postSolution
		{86973275-AEA2-D430-D25A-8598F5D8AC65}.Debug|Any CPU.ActiveCfg = Debug|Any CPU
		{86973275-AEA2-D430-D25A-8598F5D8AC65}.Debug|Any CPU.Build.0 = Debug|Any CPU
		{86973275-AEA2-D430-D25A-8598F5D8AC65}.Release|Any CPU.ActiveCfg = Release|Any CPU
		{86973275-AEA2-D430-D25A-8598F5D8AC65}.Release|Any CPU.Build.0 = Release|Any CPU
		{BE708267-B376-C78E-A9E2-5073F6719061}.Debug|Any CPU.ActiveCfg = Debug|Any CPU
		{BE708267-B376-C78E-A9E2-5073F6719061}.Debug|Any CPU.Build.0 = Debug|Any CPU
		{BE708267-B376-C78E-A9E2-5073F6719061}.Release|Any CPU.ActiveCfg = Release|Any CPU
		{BE708267-B376-C78E-A9E2-5073F6719061}.Release|Any CPU.Build.0 = Release|Any CPU
		{DE107422-F68D-85A6-B330-8A52B96069F3}.Debug|Any CPU.ActiveCfg = Debug|Any CPU
		{DE107422-F68D-85A6-B330-8A52B96069F3}.Debug|Any CPU.Build.0 = Debug|Any CPU
		{DE107422-F68D-85A6-B330-8A52B96069F3}.Release|Any CPU.ActiveCfg = Release|Any CPU
		{DE107422-F68D-85A6-B330-8A52B96069F3}.Release|Any CPU.Build.0 = Release|Any CPU
	EndGlobalSection
	GlobalSection(SolutionProperties) = preSolution
		HideSolutionNode = FALSE
	EndGlobalSection
	GlobalSection(MonoDevelopProperties) = preSolution
		StartupItem = Assembly-CSharp.csproj
	EndGlobalSection
EndGlobal
